
Microsoft Visual Studio Solution File, Format Version 12.00
# Visual Studio Version 17
VisualStudioVersion = 17.0.31903.59
MinimumVisualStudioVersion = 10.0.40219.1
Project("{FAE04EC0-301F-11D3-BF4B-00C04F79EFBC}") = "API", "API\API.csproj", "{8F000096-1DF2-40DC-8475-30CEBEC5FA6F}"
EndProject
Project("{FAE04EC0-301F-11D3-BF4B-00C04F79EFBC}") = "Core", "CORE\Core.csproj", "{A0EBCBED-C0EB-4F53-9E71-7DCFC8C72049}"
EndProject
Project("{FAE04EC0-301F-11D3-BF4B-00C04F79EFBC}") = "Infrastructure", "Infrastructure\Infrastructure.csproj", "{39923EAD-5F05-4171-A3E1-99649FE2EF08}"
EndProject
Global
	GlobalSection(SolutionConfigurationPlatforms) = preSolution
		Debug|Any CPU = Debug|Any CPU
		Release|Any CPU = Release|Any CPU
	EndGlobalSection
	GlobalSection(SolutionProperties) = preSolution
		HideSolutionNode = FALSE
	EndGlobalSection
	GlobalSection(ProjectConfigurationPlatforms) = postSolution
		{8F000096-1DF2-40DC-8475-30CEBEC5FA6F}.Debug|Any CPU.ActiveCfg = Debug|Any CPU
		{8F000096-1DF2-40DC-8475-30CEBEC5FA6F}.Debug|Any CPU.Build.0 = Debug|Any CPU
		{8F000096-1DF2-40DC-8475-30CEBEC5FA6F}.Release|Any CPU.ActiveCfg = Release|Any CPU
		{8F000096-1DF2-40DC-8475-30CEBEC5FA6F}.Release|Any CPU.Build.0 = Release|Any CPU
		{A0EBCBED-C0EB-4F53-9E71-7DCFC8C72049}.Debug|Any CPU.ActiveCfg = Debug|Any CPU
		{A0EBCBED-C0EB-4F53-9E71-7DCFC8C72049}.Debug|Any CPU.Build.0 = Debug|Any CPU
		{A0EBCBED-C0EB-4F53-9E71-7DCFC8C72049}.Release|Any CPU.ActiveCfg = Release|Any CPU
		{A0EBCBED-C0EB-4F53-9E71-7DCFC8C72049}.Release|Any CPU.Build.0 = Release|Any CPU
		{39923EAD-5F05-4171-A3E1-99649FE2EF08}.Debug|Any CPU.ActiveCfg = Debug|Any CPU
		{39923EAD-5F05-4171-A3E1-99649FE2EF08}.Debug|Any CPU.Build.0 = Debug|Any CPU
		{39923EAD-5F05-4171-A3E1-99649FE2EF08}.Release|Any CPU.ActiveCfg = Release|Any CPU
		{39923EAD-5F05-4171-A3E1-99649FE2EF08}.Release|Any CPU.Build.0 = Release|Any CPU
	EndGlobalSection
EndGlobal
